
Microsoft Visual Studio Solution File, Format Version 12.00
# Visual Studio 2013
VisualStudioVersion = 12.0.21005.1
MinimumVisualStudioVersion = 10.0.40219.1
Project("{FAE04EC0-301F-11D3-BF4B-00C04F79EFBC}") = "crm2", "crm2.csproj", "{50F9A3CF-7C0F-4D49-846F-0127B4DA83B0}"
EndProject
Project("{FAE04EC0-301F-11D3-BF4B-00C04F79EFBC}") = "crm2Tests", "..\UnitTestProject1\crm2Tests.csproj", "{6A3FEB81-9D03-48E7-B31D-3230600723B2}"
EndProject
Global
	GlobalSection(SolutionConfigurationPlatforms) = preSolution
		Debug|Any CPU = Debug|Any CPU
		Release|Any CPU = Release|Any CPU
	EndGlobalSection
	GlobalSection(ProjectConfigurationPlatforms) = postSolution
		{50F9A3CF-7C0F-4D49-846F-0127B4DA83B0}.Debug|Any CPU.ActiveCfg = Debug|Any CPU
		{50F9A3CF-7C0F-4D49-846F-0127B4DA83B0}.Debug|Any CPU.Build.0 = Debug|Any CPU
		{50F9A3CF-7C0F-4D49-846F-0127B4DA83B0}.Release|Any CPU.ActiveCfg = Release|Any CPU
		{50F9A3CF-7C0F-4D49-846F-0127B4DA83B0}.Release|Any CPU.Build.0 = Release|Any CPU
		{6A3FEB81-9D03-48E7-B31D-3230600723B2}.Debug|Any CPU.ActiveCfg = Debug|Any CPU
		{6A3FEB81-9D03-48E7-B31D-3230600723B2}.Debug|Any CPU.Build.0 = Debug|Any CPU
		{6A3FEB81-9D03-48E7-B31D-3230600723B2}.Release|Any CPU.ActiveCfg = Release|Any CPU
		{6A3FEB81-9D03-48E7-B31D-3230600723B2}.Release|Any CPU.Build.0 = Release|Any CPU
	EndGlobalSection
	GlobalSection(SolutionProperties) = preSolution
		HideSolutionNode = FALSE
	EndGlobalSection
EndGlobal
